{
  "name": "cr-ticket-monitor",
  "version": "1.0.0",
  "lockfileVersion": 3,
  "requires": true,
  "packages": {
    "": {
      "name": "cr-ticket-monitor",
      "version": "1.0.0",
      "license": "GPL-2.0-only",
      "dependencies": {
        "chalk": "^5.3.0",
        "chalk-table": "^1.0.2",
        "fs": "^0.0.1-security",
        "http": "^0.0.1-security",
        "inquirer": "^12.6.3",
        "js-yaml": "^4.1.0",
        "moment": "^2.30.1",
        "nodemailer": "^7.0.4"
      },
      "devDependencies": {
        "esbuild": "^0.24.0",
        "postject": "^1.0.0-alpha.6"
      },
      "engines": {
        "node": ">=20.12.0"
      }
    },
    "node_modules/@esbuild/aix-ppc64": {
      "version": "0.24.0",
      "resolved": "https://registry.npmmirror.com/@esbuild/aix-ppc64/-/aix-ppc64-0.24.0.tgz",
      "integrity": "sha512-WtKdFM7ls47zkKHFVzMz8opM7LkcsIp9amDUBIAWirg70RM71WRSjdILPsY5Uv1D42ZpUfaPILDlfactHgsRkw==",
      "cpu": [
        "ppc64"
      ],
      "dev": true,
      "license": "MIT",
      "optional": true,
      "os": [
        "aix"
      ],
      "engines": {
        "node": ">=18"
      }
    },
    "node_modules/@esbuild/android-arm": {
      "version": "0.24.0",
      "resolved": "https://registry.npmmirror.com/@esbuild/android-arm/-/android-arm-0.24.0.tgz",
      "integrity": "sha512-arAtTPo76fJ/ICkXWetLCc9EwEHKaeya4vMrReVlEIUCAUncH7M4bhMQ+M9Vf+FFOZJdTNMXNBrWwW+OXWpSew==",
      "cpu": [
        "arm"
      ],
      "dev": true,
      "license": "MIT",
      "optional": true,
      "os": [
        "android"
      ],
      "engines": {
        "node": ">=18"
      }
    },
    "node_modules/@esbuild/android-arm64": {
      "version": "0.24.0",
      "resolved": "https://registry.npmmirror.com/@esbuild/android-arm64/-/android-arm64-0.24.0.tgz",
      "integrity": "sha512-Vsm497xFM7tTIPYK9bNTYJyF/lsP590Qc1WxJdlB6ljCbdZKU9SY8i7+Iin4kyhV/KV5J2rOKsBQbB77Ab7L/w==",
      "cpu": [
        "arm64"
      ],
      "dev": true,
      "license": "MIT",
      "optional": true,
      "os": [
        "android"
      ],
      "engines": {
        "node": ">=18"
      }
    },
    "node_modules/@esbuild/android-x64": {
      "version": "0.24.0",
      "resolved": "https://registry.npmmirror.com/@esbuild/android-x64/-/android-x64-0.24.0.tgz",
      "integrity": "sha512-t8GrvnFkiIY7pa7mMgJd7p8p8qqYIz1NYiAoKc75Zyv73L3DZW++oYMSHPRarcotTKuSs6m3hTOa5CKHaS02TQ==",
      "cpu": [
        "x64"
      ],
      "dev": true,
      "license": "MIT",
      "optional": true,
      "os": [
        "android"
      ],
      "engines": {
        "node": ">=18"
      }
    },
    "node_modules/@esbuild/darwin-arm64": {
      "version": "0.24.0",
      "resolved": "https://registry.npmmirror.com/@esbuild/darwin-arm64/-/darwin-arm64-0.24.0.tgz",
      "integrity": "sha512-CKyDpRbK1hXwv79soeTJNHb5EiG6ct3efd/FTPdzOWdbZZfGhpbcqIpiD0+vwmpu0wTIL97ZRPZu8vUt46nBSw==",
      "cpu": [
        "arm64"
      ],
      "dev": true,
      "license": "MIT",
      "optional": true,
      "os": [
        "darwin"
      ],
      "engines": {
        "node": ">=18"
      }
    },
    "node_modules/@esbuild/darwin-x64": {
      "version": "0.24.0",
      "resolved": "https://registry.npmmirror.com/@esbuild/darwin-x64/-/darwin-x64-0.24.0.tgz",
      "integrity": "sha512-rgtz6flkVkh58od4PwTRqxbKH9cOjaXCMZgWD905JOzjFKW+7EiUObfd/Kav+A6Gyud6WZk9w+xu6QLytdi2OA==",
      "cpu": [
        "x64"
      ],
      "dev": true,
      "license": "MIT",
      "optional": true,
      "os": [
        "darwin"
      ],
      "engines": {
        "node": ">=18"
      }
    },
    "node_modules/@esbuild/freebsd-arm64": {
      "version": "0.24.0",
      "resolved": "https://registry.npmmirror.com/@esbuild/freebsd-arm64/-/freebsd-arm64-0.24.0.tgz",
      "integrity": "sha512-6Mtdq5nHggwfDNLAHkPlyLBpE5L6hwsuXZX8XNmHno9JuL2+bg2BX5tRkwjyfn6sKbxZTq68suOjgWqCicvPXA==",
      "cpu": [
        "arm64"
      ],
      "dev": true,
      "license": "MIT",
      "optional": true,
      "os": [
        "freebsd"
      ],
      "engines": {
        "node": ">=18"
      }
    },
    "node_modules/@esbuild/freebsd-x64": {
      "version": "0.24.0",
      "resolved": "https://registry.npmmirror.com/@esbuild/freebsd-x64/-/freebsd-x64-0.24.0.tgz",
      "integrity": "sha512-D3H+xh3/zphoX8ck4S2RxKR6gHlHDXXzOf6f/9dbFt/NRBDIE33+cVa49Kil4WUjxMGW0ZIYBYtaGCa2+OsQwQ==",
      "cpu": [
        "x64"
      ],
      "dev": true,
      "license": "MIT",
      "optional": true,
      "os": [
        "freebsd"
      ],
      "engines": {
        "node": ">=18"
      }
    },
    "node_modules/@esbuild/linux-arm": {
      "version": "0.24.0",
      "resolved": "https://registry.npmmirror.com/@esbuild/linux-arm/-/linux-arm-0.24.0.tgz",
      "integrity": "sha512-gJKIi2IjRo5G6Glxb8d3DzYXlxdEj2NlkixPsqePSZMhLudqPhtZ4BUrpIuTjJYXxvF9njql+vRjB2oaC9XpBw==",
      "cpu": [
        "arm"
      ],
      "dev": true,
      "license": "MIT",
      "optional": true,
      "os": [
        "linux"
      ],
      "engines": {
        "node": ">=18"
      }
    },
    "node_modules/@esbuild/linux-arm64": {
      "version": "0.24.0",
      "resolved": "https://registry.npmmirror.com/@esbuild/linux-arm64/-/linux-arm64-0.24.0.tgz",
      "integrity": "sha512-TDijPXTOeE3eaMkRYpcy3LarIg13dS9wWHRdwYRnzlwlA370rNdZqbcp0WTyyV/k2zSxfko52+C7jU5F9Tfj1g==",
      "cpu": [
        "arm64"
      ],
      "dev": true,
      "license": "MIT",
      "optional": true,
      "os": [
        "linux"
      ],
      "engines": {
        "node": ">=18"
      }
    },
    "node_modules/@esbuild/linux-ia32": {
      "version": "0.24.0",
      "resolved": "https://registry.npmmirror.com/@esbuild/linux-ia32/-/linux-ia32-0.24.0.tgz",
      "integrity": "sha512-K40ip1LAcA0byL05TbCQ4yJ4swvnbzHscRmUilrmP9Am7//0UjPreh4lpYzvThT2Quw66MhjG//20mrufm40mA==",
      "cpu": [
        "ia32"
      ],
      "dev": true,
      "license": "MIT",
      "optional": true,
      "os": [
        "linux"
      ],
      "engines": {
        "node": ">=18"
      }
    },
    "node_modules/@esbuild/linux-loong64": {
      "version": "0.24.0",
      "resolved": "https://registry.npmmirror.com/@esbuild/linux-loong64/-/linux-loong64-0.24.0.tgz",
      "integrity": "sha512-0mswrYP/9ai+CU0BzBfPMZ8RVm3RGAN/lmOMgW4aFUSOQBjA31UP8Mr6DDhWSuMwj7jaWOT0p0WoZ6jeHhrD7g==",
      "cpu": [
        "loong64"
      ],
      "dev": true,
      "license": "MIT",
      "optional": true,
      "os": [
        "linux"
      ],
      "engines": {
        "node": ">=18"
      }
    },
    "node_modules/@esbuild/linux-mips64el": {
      "version": "0.24.0",
      "resolved": "https://registry.npmmirror.com/@esbuild/linux-mips64el/-/linux-mips64el-0.24.0.tgz",
      "integrity": "sha512-hIKvXm0/3w/5+RDtCJeXqMZGkI2s4oMUGj3/jM0QzhgIASWrGO5/RlzAzm5nNh/awHE0A19h/CvHQe6FaBNrRA==",
      "cpu": [
        "mips64el"
      ],
      "dev": true,
      "license": "MIT",
      "optional": true,
      "os": [
        "linux"
      ],
      "engines": {
        "node": ">=18"
      }
    },
    "node_modules/@esbuild/linux-ppc64": {
      "version": "0.24.0",
      "resolved": "https://registry.npmmirror.com/@esbuild/linux-ppc64/-/linux-ppc64-0.24.0.tgz",
      "integrity": "sha512-HcZh5BNq0aC52UoocJxaKORfFODWXZxtBaaZNuN3PUX3MoDsChsZqopzi5UupRhPHSEHotoiptqikjN/B77mYQ==",
      "cpu": [
        "ppc64"
      ],
      "dev": true,
      "license": "MIT",
      "optional": true,
      "os": [
        "linux"
      ],
      "engines": {
        "node": ">=18"
      }
    },
    "node_modules/@esbuild/linux-riscv64": {
      "version": "0.24.0",
      "resolved": "https://registry.npmmirror.com/@esbuild/linux-riscv64/-/linux-riscv64-0.24.0.tgz",
      "integrity": "sha512-bEh7dMn/h3QxeR2KTy1DUszQjUrIHPZKyO6aN1X4BCnhfYhuQqedHaa5MxSQA/06j3GpiIlFGSsy1c7Gf9padw==",
      "cpu": [
        "riscv64"
      ],
      "dev": true,
      "license": "MIT",
      "optional": true,
      "os": [
        "linux"
      ],
      "engines": {
        "node": ">=18"
      }
    },
    "node_modules/@esbuild/linux-s390x": {
      "version": "0.24.0",
      "resolved": "https://registry.npmmirror.com/@esbuild/linux-s390x/-/linux-s390x-0.24.0.tgz",
      "integrity": "sha512-ZcQ6+qRkw1UcZGPyrCiHHkmBaj9SiCD8Oqd556HldP+QlpUIe2Wgn3ehQGVoPOvZvtHm8HPx+bH20c9pvbkX3g==",
      "cpu": [
        "s390x"
      ],
      "dev": true,
      "license": "MIT",
      "optional": true,
      "os": [
        "linux"
      ],
      "engines": {
        "node": ">=18"
      }
    },
    "node_modules/@esbuild/linux-x64": {
      "version": "0.24.0",
      "resolved": "https://registry.npmmirror.com/@esbuild/linux-x64/-/linux-x64-0.24.0.tgz",
      "integrity": "sha512-vbutsFqQ+foy3wSSbmjBXXIJ6PL3scghJoM8zCL142cGaZKAdCZHyf+Bpu/MmX9zT9Q0zFBVKb36Ma5Fzfa8xA==",
      "cpu": [
        "x64"
      ],
      "dev": true,
      "license": "MIT",
      "optional": true,
      "os": [
        "linux"
      ],
      "engines": {
        "node": ">=18"
      }
    },
    "node_modules/@esbuild/netbsd-x64": {
      "version": "0.24.0",
      "resolved": "https://registry.npmmirror.com/@esbuild/netbsd-x64/-/netbsd-x64-0.24.0.tgz",
      "integrity": "sha512-hjQ0R/ulkO8fCYFsG0FZoH+pWgTTDreqpqY7UnQntnaKv95uP5iW3+dChxnx7C3trQQU40S+OgWhUVwCjVFLvg==",
      "cpu": [
        "x64"
      ],
      "dev": true,
      "license": "MIT",
      "optional": true,
      "os": [
        "netbsd"
      ],
      "engines": {
        "node": ">=18"
      }
    },
    "node_modules/@esbuild/openbsd-arm64": {
      "version": "0.24.0",
      "resolved": "https://registry.npmmirror.com/@esbuild/openbsd-arm64/-/openbsd-arm64-0.24.0.tgz",
      "integrity": "sha512-MD9uzzkPQbYehwcN583yx3Tu5M8EIoTD+tUgKF982WYL9Pf5rKy9ltgD0eUgs8pvKnmizxjXZyLt0z6DC3rRXg==",
      "cpu": [
        "arm64"
      ],
      "dev": true,
      "license": "MIT",
      "optional": true,
      "os": [
        "openbsd"
      ],
      "engines": {
        "node": ">=18"
      }
    },
    "node_modules/@esbuild/openbsd-x64": {
      "version": "0.24.0",
      "resolved": "https://registry.npmmirror.com/@esbuild/openbsd-x64/-/openbsd-x64-0.24.0.tgz",
      "integrity": "sha512-4ir0aY1NGUhIC1hdoCzr1+5b43mw99uNwVzhIq1OY3QcEwPDO3B7WNXBzaKY5Nsf1+N11i1eOfFcq+D/gOS15Q==",
      "cpu": [
        "x64"
      ],
      "dev": true,
      "license": "MIT",
      "optional": true,
      "os": [
        "openbsd"
      ],
      "engines": {
        "node": ">=18"
      }
    },
    "node_modules/@esbuild/sunos-x64": {
      "version": "0.24.0",
      "resolved": "https://registry.npmmirror.com/@esbuild/sunos-x64/-/sunos-x64-0.24.0.tgz",
      "integrity": "sha512-jVzdzsbM5xrotH+W5f1s+JtUy1UWgjU0Cf4wMvffTB8m6wP5/kx0KiaLHlbJO+dMgtxKV8RQ/JvtlFcdZ1zCPA==",
      "cpu": [
        "x64"
      ],
      "dev": true,
      "license": "MIT",
      "optional": true,
      "os": [
        "sunos"
      ],
      "engines": {
        "node": ">=18"
      }
    },
    "node_modules/@esbuild/win32-arm64": {
      "version": "0.24.0",
      "resolved": "https://registry.npmmirror.com/@esbuild/win32-arm64/-/win32-arm64-0.24.0.tgz",
      "integrity": "sha512-iKc8GAslzRpBytO2/aN3d2yb2z8XTVfNV0PjGlCxKo5SgWmNXx82I/Q3aG1tFfS+A2igVCY97TJ8tnYwpUWLCA==",
      "cpu": [
        "arm64"
      ],
      "dev": true,
      "license": "MIT",
      "optional": true,
      "os": [
        "win32"
      ],
      "engines": {
        "node": ">=18"
      }
    },
    "node_modules/@esbuild/win32-ia32": {
      "version": "0.24.0",
      "resolved": "https://registry.npmmirror.com/@esbuild/win32-ia32/-/win32-ia32-0.24.0.tgz",
      "integrity": "sha512-vQW36KZolfIudCcTnaTpmLQ24Ha1RjygBo39/aLkM2kmjkWmZGEJ5Gn9l5/7tzXA42QGIoWbICfg6KLLkIw6yw==",
      "cpu": [
        "ia32"
      ],
      "dev": true,
      "license": "MIT",
      "optional": true,
      "os": [
        "win32"
      ],
      "engines": {
        "node": ">=18"
      }
    },
    "node_modules/@esbuild/win32-x64": {
      "version": "0.24.0",
      "resolved": "https://registry.npmmirror.com/@esbuild/win32-x64/-/win32-x64-0.24.0.tgz",
      "integrity": "sha512-7IAFPrjSQIJrGsK6flwg7NFmwBoSTyF3rl7If0hNUFQU4ilTsEPL6GuMuU9BfIWVVGuRnuIidkSMC+c0Otu8IA==",
      "cpu": [
        "x64"
      ],
      "dev": true,
      "license": "MIT",
      "optional": true,
      "os": [
        "win32"
      ],
      "engines": {
        "node": ">=18"
      }
    },
    "node_modules/@inquirer/checkbox": {
      "version": "4.1.8",
      "resolved": "https://registry.npmmirror.com/@inquirer/checkbox/-/checkbox-4.1.8.tgz",
      "integrity": "sha512-d/QAsnwuHX2OPolxvYcgSj7A9DO9H6gVOy2DvBTx+P2LH2iRTo/RSGV3iwCzW024nP9hw98KIuDmdyhZQj1UQg==",
      "dependencies": {
        "@inquirer/core": "^10.1.13",
        "@inquirer/figures": "^1.0.12",
        "@inquirer/type": "^3.0.7",
        "ansi-escapes": "^4.3.2",
        "yoctocolors-cjs": "^2.1.2"
      },
      "engines": {
        "node": ">=18"
      },
      "peerDependencies": {
        "@types/node": ">=18"
      },
      "peerDependenciesMeta": {
        "@types/node": {
          "optional": true
        }
      }
    },
    "node_modules/@inquirer/confirm": {
      "version": "5.1.12",
      "resolved": "https://registry.npmmirror.com/@inquirer/confirm/-/confirm-5.1.12.tgz",
      "integrity": "sha512-dpq+ielV9/bqgXRUbNH//KsY6WEw9DrGPmipkpmgC1Y46cwuBTNx7PXFWTjc3MQ+urcc0QxoVHcMI0FW4Ok0hg==",
      "dependencies": {
        "@inquirer/core": "^10.1.13",
        "@inquirer/type": "^3.0.7"
      },
      "engines": {
        "node": ">=18"
      },
      "peerDependencies": {
        "@types/node": ">=18"
      },
      "peerDependenciesMeta": {
        "@types/node": {
          "optional": true
        }
      }
    },
    "node_modules/@inquirer/core": {
      "version": "10.1.13",
      "resolved": "https://registry.npmmirror.com/@inquirer/core/-/core-10.1.13.tgz",
      "integrity": "sha512-1viSxebkYN2nJULlzCxES6G9/stgHSepZ9LqqfdIGPHj5OHhiBUXVS0a6R0bEC2A+VL4D9w6QB66ebCr6HGllA==",
      "dependencies": {
        "@inquirer/figures": "^1.0.12",
        "@inquirer/type": "^3.0.7",
        "ansi-escapes": "^4.3.2",
        "cli-width": "^4.1.0",
        "mute-stream": "^2.0.0",
        "signal-exit": "^4.1.0",
        "wrap-ansi": "^6.2.0",
        "yoctocolors-cjs": "^2.1.2"
      },
      "engines": {
        "node": ">=18"
      },
      "peerDependencies": {
        "@types/node": ">=18"
      },
      "peerDependenciesMeta": {
        "@types/node": {
          "optional": true
        }
      }
    },
    "node_modules/@inquirer/editor": {
      "version": "4.2.13",
      "resolved": "https://registry.npmmirror.com/@inquirer/editor/-/editor-4.2.13.tgz",
      "integrity": "sha512-WbicD9SUQt/K8O5Vyk9iC2ojq5RHoCLK6itpp2fHsWe44VxxcA9z3GTWlvjSTGmMQpZr+lbVmrxdHcumJoLbMA==",
      "dependencies": {
        "@inquirer/core": "^10.1.13",
        "@inquirer/type": "^3.0.7",
        "external-editor": "^3.1.0"
      },
      "engines": {
        "node": ">=18"
      },
      "peerDependencies": {
        "@types/node": ">=18"
      },
      "peerDependenciesMeta": {
        "@types/node": {
          "optional": true
        }
      }
    },
    "node_modules/@inquirer/expand": {
      "version": "4.0.15",
      "resolved": "https://registry.npmmirror.com/@inquirer/expand/-/expand-4.0.15.tgz",
      "integrity": "sha512-4Y+pbr/U9Qcvf+N/goHzPEXiHH8680lM3Dr3Y9h9FFw4gHS+zVpbj8LfbKWIb/jayIB4aSO4pWiBTrBYWkvi5A==",
      "dependencies": {
        "@inquirer/core": "^10.1.13",
        "@inquirer/type": "^3.0.7",
        "yoctocolors-cjs": "^2.1.2"
      },
      "engines": {
        "node": ">=18"
      },
      "peerDependencies": {
        "@types/node": ">=18"
      },
      "peerDependenciesMeta": {
        "@types/node": {
          "optional": true
        }
      }
    },
    "node_modules/@inquirer/figures": {
      "version": "1.0.12",
      "resolved": "https://registry.npmmirror.com/@inquirer/figures/-/figures-1.0.12.tgz",
      "integrity": "sha512-MJttijd8rMFcKJC8NYmprWr6hD3r9Gd9qUC0XwPNwoEPWSMVJwA2MlXxF+nhZZNMY+HXsWa+o7KY2emWYIn0jQ==",
      "engines": {
        "node": ">=18"
      }
    },
    "node_modules/@inquirer/input": {
      "version": "4.1.12",
      "resolved": "https://registry.npmmirror.com/@inquirer/input/-/input-4.1.12.tgz",
      "integrity": "sha512-xJ6PFZpDjC+tC1P8ImGprgcsrzQRsUh9aH3IZixm1lAZFK49UGHxM3ltFfuInN2kPYNfyoPRh+tU4ftsjPLKqQ==",
      "dependencies": {
        "@inquirer/core": "^10.1.13",
        "@inquirer/type": "^3.0.7"
      },
      "engines": {
        "node": ">=18"
      },
      "peerDependencies": {
        "@types/node": ">=18"
      },
      "peerDependenciesMeta": {
        "@types/node": {
          "optional": true
        }
      }
    },
    "node_modules/@inquirer/number": {
      "version": "3.0.15",
      "resolved": "https://registry.npmmirror.com/@inquirer/number/-/number-3.0.15.tgz",
      "integrity": "sha512-xWg+iYfqdhRiM55MvqiTCleHzszpoigUpN5+t1OMcRkJrUrw7va3AzXaxvS+Ak7Gny0j2mFSTv2JJj8sMtbV2g==",
      "dependencies": {
        "@inquirer/core": "^10.1.13",
        "@inquirer/type": "^3.0.7"
      },
      "engines": {
        "node": ">=18"
      },
      "peerDependencies": {
        "@types/node": ">=18"
      },
      "peerDependenciesMeta": {
        "@types/node": {
          "optional": true
        }
      }
    },
    "node_modules/@inquirer/password": {
      "version": "4.0.15",
      "resolved": "https://registry.npmmirror.com/@inquirer/password/-/password-4.0.15.tgz",
      "integrity": "sha512-75CT2p43DGEnfGTaqFpbDC2p2EEMrq0S+IRrf9iJvYreMy5mAWj087+mdKyLHapUEPLjN10mNvABpGbk8Wdraw==",
      "dependencies": {
        "@inquirer/core": "^10.1.13",
        "@inquirer/type": "^3.0.7",
        "ansi-escapes": "^4.3.2"
      },
      "engines": {
        "node": ">=18"
      },
      "peerDependencies": {
        "@types/node": ">=18"
      },
      "peerDependenciesMeta": {
        "@types/node": {
          "optional": true
        }
      }
    },
    "node_modules/@inquirer/prompts": {
      "version": "7.5.3",
      "resolved": "https://registry.npmmirror.com/@inquirer/prompts/-/prompts-7.5.3.tgz",
      "integrity": "sha512-8YL0WiV7J86hVAxrh3fE5mDCzcTDe1670unmJRz6ArDgN+DBK1a0+rbnNWp4DUB5rPMwqD5ZP6YHl9KK1mbZRg==",
      "dependencies": {
        "@inquirer/checkbox": "^4.1.8",
        "@inquirer/confirm": "^5.1.12",
        "@inquirer/editor": "^4.2.13",
        "@inquirer/expand": "^4.0.15",
        "@inquirer/input": "^4.1.12",
        "@inquirer/number": "^3.0.15",
        "@inquirer/password": "^4.0.15",
        "@inquirer/rawlist": "^4.1.3",
        "@inquirer/search": "^3.0.15",
        "@inquirer/select": "^4.2.3"
      },
      "engines": {
        "node": ">=18"
      },
      "peerDependencies": {
        "@types/node": ">=18"
      },
      "peerDependenciesMeta": {
        "@types/node": {
          "optional": true
        }
      }
    },
    "node_modules/@inquirer/rawlist": {
      "version": "4.1.3",
      "resolved": "https://registry.npmmirror.com/@inquirer/rawlist/-/rawlist-4.1.3.tgz",
      "integrity": "sha512-7XrV//6kwYumNDSsvJIPeAqa8+p7GJh7H5kRuxirct2cgOcSWwwNGoXDRgpNFbY/MG2vQ4ccIWCi8+IXXyFMZA==",
      "dependencies": {
        "@inquirer/core": "^10.1.13",
        "@inquirer/type": "^3.0.7",
        "yoctocolors-cjs": "^2.1.2"
      },
      "engines": {
        "node": ">=18"
      },
      "peerDependencies": {
        "@types/node": ">=18"
      },
      "peerDependenciesMeta": {
        "@types/node": {
          "optional": true
        }
      }
    },
    "node_modules/@inquirer/search": {
      "version": "3.0.15",
      "resolved": "https://registry.npmmirror.com/@inquirer/search/-/search-3.0.15.tgz",
      "integrity": "sha512-YBMwPxYBrADqyvP4nNItpwkBnGGglAvCLVW8u4pRmmvOsHUtCAUIMbUrLX5B3tFL1/WsLGdQ2HNzkqswMs5Uaw==",
      "dependencies": {
        "@inquirer/core": "^10.1.13",
        "@inquirer/figures": "^1.0.12",
        "@inquirer/type": "^3.0.7",
        "yoctocolors-cjs": "^2.1.2"
      },
      "engines": {
        "node": ">=18"
      },
      "peerDependencies": {
        "@types/node": ">=18"
      },
      "peerDependenciesMeta": {
        "@types/node": {
          "optional": true
        }
      }
    },
    "node_modules/@inquirer/select": {
      "version": "4.2.3",
      "resolved": "https://registry.npmmirror.com/@inquirer/select/-/select-4.2.3.tgz",
      "integrity": "sha512-OAGhXU0Cvh0PhLz9xTF/kx6g6x+sP+PcyTiLvCrewI99P3BBeexD+VbuwkNDvqGkk3y2h5ZiWLeRP7BFlhkUDg==",
      "dependencies": {
        "@inquirer/core": "^10.1.13",
        "@inquirer/figures": "^1.0.12",
        "@inquirer/type": "^3.0.7",
        "ansi-escapes": "^4.3.2",
        "yoctocolors-cjs": "^2.1.2"
      },
      "engines": {
        "node": ">=18"
      },
      "peerDependencies": {
        "@types/node": ">=18"
      },
      "peerDependenciesMeta": {
        "@types/node": {
          "optional": true
        }
      }
    },
    "node_modules/@inquirer/type": {
      "version": "3.0.7",
      "resolved": "https://registry.npmmirror.com/@inquirer/type/-/type-3.0.7.tgz",
      "integrity": "sha512-PfunHQcjwnju84L+ycmcMKB/pTPIngjUJvfnRhKY6FKPuYXlM4aQCb/nIdTFR6BEhMjFvngzvng/vBAJMZpLSA==",
      "engines": {
        "node": ">=18"
      },
      "peerDependencies": {
        "@types/node": ">=18"
      },
      "peerDependenciesMeta": {
        "@types/node": {
          "optional": true
        }
      }
    },
    "node_modules/ansi-escapes": {
      "version": "4.3.2",
      "resolved": "https://registry.npmmirror.com/ansi-escapes/-/ansi-escapes-4.3.2.tgz",
      "integrity": "sha512-gKXj5ALrKWQLsYG9jlTRmR/xKluxHV+Z9QEwNIgCfM1/uwPMCuzVVnh5mwTd+OuBZcwSIMbqssNWRm1lE51QaQ==",
      "dependencies": {
        "type-fest": "^0.21.3"
      },
      "engines": {
        "node": ">=8"
      },
      "funding": {
        "url": "https://github.com/sponsors/sindresorhus"
      }
    },
    "node_modules/ansi-regex": {
      "version": "4.1.1",
      "resolved": "https://registry.npmmirror.com/ansi-regex/-/ansi-regex-4.1.1.tgz",
      "integrity": "sha512-ILlv4k/3f6vfQ4OoP2AGvirOktlQ98ZEL1k9FaQjxa3L1abBgbuTDAdPOpvbGncC0BTVQrl+OM8xZGK6tWXt7g==",
      "engines": {
        "node": ">=6"
      }
    },
    "node_modules/ansi-styles": {
      "version": "4.3.0",
      "resolved": "https://registry.npmmirror.com/ansi-styles/-/ansi-styles-4.3.0.tgz",
      "integrity": "sha512-zbB9rCJAT1rbjiVDb2hqKFHNYLxgtk8NURxZ3IZwD3F6NtxbXZQCnnSi1Lkx+IDohdPlFp222wVALIheZJQSEg==",
      "dependencies": {
        "color-convert": "^2.0.1"
      },
      "engines": {
        "node": ">=8"
      },
      "funding": {
        "url": "https://github.com/chalk/ansi-styles?sponsor=1"
      }
    },
    "node_modules/argparse": {
      "version": "2.0.1",
      "resolved": "https://registry.npmmirror.com/argparse/-/argparse-2.0.1.tgz",
      "integrity": "sha512-8+9WqebbFzpX9OR+Wa6O29asIogeRMzcGtAINdpMHHyAg10f05aSFVBbcEqGf/PXw1EjAZ+q2/bEBg3DvurK3Q=="
    },
    "node_modules/chalk": {
      "version": "5.3.0",
      "resolved": "https://registry.npmmirror.com/chalk/-/chalk-5.3.0.tgz",
      "integrity": "sha512-dLitG79d+GV1Nb/VYcCDFivJeK1hiukt9QjRNVOsUtTy1rR1YJsmpGGTZ3qJos+uw7WmWF4wUwBd9jxjocFC2w==",
      "license": "MIT",
      "engines": {
        "node": "^12.17.0 || ^14.13 || >=16.0.0"
      },
      "funding": {
        "url": "https://github.com/chalk/chalk?sponsor=1"
      }
    },
    "node_modules/chalk-table": {
      "version": "1.0.2",
      "resolved": "https://registry.npmmirror.com/chalk-table/-/chalk-table-1.0.2.tgz",
      "integrity": "sha512-lmtmQtr/GCtbiJiiuXPE5lj0arIXJir5hSjIhye/4Uyr7oTQlP+ufPnHzUS3Bre0xS/VWbz9NfeuPnvse9BXoQ==",
      "dependencies": {
        "chalk": "^2.4.2",
        "strip-ansi": "^5.2.0"
      }
    },
    "node_modules/chalk-table/node_modules/ansi-styles": {
      "version": "3.2.1",
      "resolved": "https://registry.npmmirror.com/ansi-styles/-/ansi-styles-3.2.1.tgz",
      "integrity": "sha512-VT0ZI6kZRdTh8YyJw3SMbYm/u+NqfsAxEpWO0Pf9sq8/e94WxxOpPKx9FR1FlyCtOVDNOQ+8ntlqFxiRc+r5qA==",
      "dependencies": {
        "color-convert": "^1.9.0"
      },
      "engines": {
        "node": ">=4"
      }
    },
    "node_modules/chalk-table/node_modules/chalk": {
      "version": "2.4.2",
      "resolved": "https://registry.npmmirror.com/chalk/-/chalk-2.4.2.tgz",
      "integrity": "sha512-Mti+f9lpJNcwF4tWV8/OrTTtF1gZi+f8FqlyAdouralcFWFQWF2+NgCHShjkCb+IFBLq9buZwE1xckQU4peSuQ==",
      "dependencies": {
        "ansi-styles": "^3.2.1",
        "escape-string-regexp": "^1.0.5",
        "supports-color": "^5.3.0"
      },
      "engines": {
        "node": ">=4"
      }
    },
    "node_modules/chalk-table/node_modules/color-convert": {
      "version": "1.9.3",
      "resolved": "https://registry.npmmirror.com/color-convert/-/color-convert-1.9.3.tgz",
      "integrity": "sha512-QfAUtd+vFdAtFQcC8CCyYt1fYWxSqAiK2cSD6zDB8N3cpsEBAvRxp9zOGg6G/SHHJYAT88/az/IuDGALsNVbGg==",
      "dependencies": {
        "color-name": "1.1.3"
      }
    },
    "node_modules/chalk-table/node_modules/color-name": {
      "version": "1.1.3",
      "resolved": "https://registry.npmmirror.com/color-name/-/color-name-1.1.3.tgz",
      "integrity": "sha512-72fSenhMw2HZMTVHeCA9KCmpEIbzWiQsjN+BHcBbS9vr1mtt+vJjPdksIBNUmKAW8TFUDPJK5SUU3QhE9NEXDw=="
    },
    "node_modules/chardet": {
      "version": "0.7.0",
      "resolved": "https://registry.npmmirror.com/chardet/-/chardet-0.7.0.tgz",
      "integrity": "sha512-mT8iDcrh03qDGRRmoA2hmBJnxpllMR+0/0qlzjqZES6NdiWDcZkCNAk4rPFZ9Q85r27unkiNNg8ZOiwZXBHwcA=="
    },
    "node_modules/cli-width": {
      "version": "4.1.0",
      "resolved": "https://registry.npmmirror.com/cli-width/-/cli-width-4.1.0.tgz",
      "integrity": "sha512-ouuZd4/dm2Sw5Gmqy6bGyNNNe1qt9RpmxveLSO7KcgsTnU7RXfsw+/bukWGo1abgBiMAic068rclZsO4IWmmxQ==",
      "engines": {
        "node": ">= 12"
      }
    },
    "node_modules/color-convert": {
      "version": "2.0.1",
      "resolved": "https://registry.npmmirror.com/color-convert/-/color-convert-2.0.1.tgz",
      "integrity": "sha512-RRECPsj7iu/xb5oKYcsFHSppFNnsj/52OVTRKb4zP5onXwVF3zVmmToNcOfGC+CRDpfK/U584fMg38ZHCaElKQ==",
      "dependencies": {
        "color-name": "~1.1.4"
      },
      "engines": {
        "node": ">=7.0.0"
      }
    },
    "node_modules/color-name": {
      "version": "1.1.4",
      "resolved": "https://registry.npmmirror.com/color-name/-/color-name-1.1.4.tgz",
      "integrity": "sha512-dOy+3AuW3a2wNbZHIuMZpTcgjGuLU/uBL/ubcZF9OXbDo8ff4O8yVp5Bf0efS8uEoYo5q4Fx7dY9OgQGXgAsQA=="
    },
    "node_modules/commander": {
      "version": "9.5.0",
      "resolved": "https://registry.npmmirror.com/commander/-/commander-9.5.0.tgz",
      "integrity": "sha512-KRs7WVDKg86PWiuAqhDrAQnTXZKraVcCc6vFdL14qrZ/DcWwuRo7VoiYXalXO7S5GKpqYiVEwCbgFDfxNHKJBQ==",
      "dev": true,
      "license": "MIT",
      "engines": {
        "node": "^12.20.0 || >=14"
      }
    },
    "node_modules/emoji-regex": {
      "version": "8.0.0",
      "resolved": "https://registry.npmmirror.com/emoji-regex/-/emoji-regex-8.0.0.tgz",
      "integrity": "sha512-MSjYzcWNOA0ewAHpz0MxpYFvwg6yjy1NG3xteoqz644VCo/RPgnr1/GGt+ic3iJTzQ8Eu3TdM14SawnVUmGE6A=="
    },
    "node_modules/esbuild": {
      "version": "0.24.0",
      "resolved": "https://registry.npmmirror.com/esbuild/-/esbuild-0.24.0.tgz",
      "integrity": "sha512-FuLPevChGDshgSicjisSooU0cemp/sGXR841D5LHMB7mTVOmsEHcAxaH3irL53+8YDIeVNQEySh4DaYU/iuPqQ==",
      "dev": true,
      "hasInstallScript": true,
      "license": "MIT",
      "bin": {
        "esbuild": "bin/esbuild"
      },
      "engines": {
        "node": ">=18"
      },
      "optionalDependencies": {
        "@esbuild/aix-ppc64": "0.24.0",
        "@esbuild/android-arm": "0.24.0",
        "@esbuild/android-arm64": "0.24.0",
        "@esbuild/android-x64": "0.24.0",
        "@esbuild/darwin-arm64": "0.24.0",
        "@esbuild/darwin-x64": "0.24.0",
        "@esbuild/freebsd-arm64": "0.24.0",
        "@esbuild/freebsd-x64": "0.24.0",
        "@esbuild/linux-arm": "0.24.0",
        "@esbuild/linux-arm64": "0.24.0",
        "@esbuild/linux-ia32": "0.24.0",
        "@esbuild/linux-loong64": "0.24.0",
        "@esbuild/linux-mips64el": "0.24.0",
        "@esbuild/linux-ppc64": "0.24.0",
        "@esbuild/linux-riscv64": "0.24.0",
        "@esbuild/linux-s390x": "0.24.0",
        "@esbuild/linux-x64": "0.24.0",
        "@esbuild/netbsd-x64": "0.24.0",
        "@esbuild/openbsd-arm64": "0.24.0",
        "@esbuild/openbsd-x64": "0.24.0",
        "@esbuild/sunos-x64": "0.24.0",
        "@esbuild/win32-arm64": "0.24.0",
        "@esbuild/win32-ia32": "0.24.0",
        "@esbuild/win32-x64": "0.24.0"
      }
    },
    "node_modules/escape-string-regexp": {
      "version": "1.0.5",
      "resolved": "https://registry.npmmirror.com/escape-string-regexp/-/escape-string-regexp-1.0.5.tgz",
      "integrity": "sha512-vbRorB5FUQWvla16U8R/qgaFIya2qGzwDrNmCZuYKrbdSUMG6I1ZCGQRefkRVhuOkIGVne7BQ35DSfo1qvJqFg==",
      "engines": {
        "node": ">=0.8.0"
      }
    },
    "node_modules/external-editor": {
      "version": "3.1.0",
      "resolved": "https://registry.npmmirror.com/external-editor/-/external-editor-3.1.0.tgz",
      "integrity": "sha512-hMQ4CX1p1izmuLYyZqLMO/qGNw10wSv9QDCPfzXfyFrOaCSSoRfqE1Kf1s5an66J5JZC62NewG+mK49jOCtQew==",
      "dependencies": {
        "chardet": "^0.7.0",
        "iconv-lite": "^0.4.24",
        "tmp": "^0.0.33"
      },
      "engines": {
        "node": ">=4"
      }
    },
    "node_modules/fs": {
      "version": "0.0.1-security",
      "resolved": "https://registry.npmmirror.com/fs/-/fs-0.0.1-security.tgz",
      "integrity": "sha512-3XY9e1pP0CVEUCdj5BmfIZxRBTSDycnbqhIOGec9QYtmVH2fbLpj86CFWkrNOkt/Fvty4KZG5lTglL9j/gJ87w==",
      "license": "ISC"
    },
    "node_modules/has-flag": {
      "version": "3.0.0",
      "resolved": "https://registry.npmmirror.com/has-flag/-/has-flag-3.0.0.tgz",
      "integrity": "sha512-sKJf1+ceQBr4SMkvQnBDNDtf4TXpVhVGateu0t918bl30FnbE2m4vNLX+VWe/dpjlb+HugGYzW7uQXH98HPEYw==",
      "engines": {
        "node": ">=4"
      }
    },
    "node_modules/http": {
      "version": "0.0.1-security",
      "resolved": "https://registry.npmmirror.com/http/-/http-0.0.1-security.tgz",
      "integrity": "sha512-RnDvP10Ty9FxqOtPZuxtebw1j4L/WiqNMDtuc1YMH1XQm5TgDRaR1G9u8upL6KD1bXHSp9eSXo/ED+8Q7FAr+g=="
    },
    "node_modules/iconv-lite": {
      "version": "0.4.24",
      "resolved": "https://registry.npmmirror.com/iconv-lite/-/iconv-lite-0.4.24.tgz",
      "integrity": "sha512-v3MXnZAcvnywkTUEZomIActle7RXXeedOR31wwl7VlyoXO4Qi9arvSenNQWne1TcRwhCL1HwLI21bEqdpj8/rA==",
      "dependencies": {
        "safer-buffer": ">= 2.1.2 < 3"
      },
      "engines": {
        "node": ">=0.10.0"
      }
    },
    "node_modules/inquirer": {
      "version": "12.6.3",
      "resolved": "https://registry.npmmirror.com/inquirer/-/inquirer-12.6.3.tgz",
      "integrity": "sha512-eX9beYAjr1MqYsIjx1vAheXsRk1jbZRvHLcBu5nA9wX0rXR1IfCZLnVLp4Ym4mrhqmh7AuANwcdtgQ291fZDfQ==",
      "dependencies": {
        "@inquirer/core": "^10.1.13",
        "@inquirer/prompts": "^7.5.3",
        "@inquirer/type": "^3.0.7",
        "ansi-escapes": "^4.3.2",
        "mute-stream": "^2.0.0",
        "run-async": "^3.0.0",
        "rxjs": "^7.8.2"
      },
      "engines": {
        "node": ">=18"
      },
      "peerDependencies": {
        "@types/node": ">=18"
      },
      "peerDependenciesMeta": {
        "@types/node": {
          "optional": true
        }
      }
    },
    "node_modules/is-fullwidth-code-point": {
      "version": "3.0.0",
      "resolved": "https://registry.npmmirror.com/is-fullwidth-code-point/-/is-fullwidth-code-point-3.0.0.tgz",
      "integrity": "sha512-zymm5+u+sCsSWyD9qNaejV3DFvhCKclKdizYaJUuHA83RLjb7nSuGnddCHGv0hk+KY7BMAlsWeK4Ueg6EV6XQg==",
      "engines": {
        "node": ">=8"
      }
    },
    "node_modules/js-yaml": {
      "version": "4.1.0",
      "resolved": "https://registry.npmmirror.com/js-yaml/-/js-yaml-4.1.0.tgz",
      "integrity": "sha512-wpxZs9NoxZaJESJGIZTyDEaYpl0FKSA+FB9aJiyemKhMwkxQg63h4T1KJgUGHpTqPDNRcmmYLugrRjJlBtWvRA==",
      "dependencies": {
        "argparse": "^2.0.1"
      },
      "bin": {
        "js-yaml": "bin/js-yaml.js"
      }
    },
    "node_modules/moment": {
      "version": "2.30.1",
      "resolved": "https://registry.npmmirror.com/moment/-/moment-2.30.1.tgz",
      "integrity": "sha512-uEmtNhbDOrWPFS+hdjFCBfy9f2YoyzRpwcl+DqpC6taX21FzsTLQVbMV/W7PzNSX6x/bhC1zA3c2UQ5NzH6how==",
      "license": "MIT",
      "engines": {
        "node": "*"
      }
    },
    "node_modules/mute-stream": {
      "version": "2.0.0",
      "resolved": "https://registry.npmmirror.com/mute-stream/-/mute-stream-2.0.0.tgz",
      "integrity": "sha512-WWdIxpyjEn+FhQJQQv9aQAYlHoNVdzIzUySNV1gHUPDSdZJ3yZn7pAAbQcV7B56Mvu881q9FZV+0Vx2xC44VWA==",
      "engines": {
        "node": "^18.17.0 || >=20.5.0"
      }
    },
    "node_modules/nodemailer": {
      "version": "7.0.4",
      "resolved": "https://registry.npmmirror.com/nodemailer/-/nodemailer-7.0.4.tgz",
      "integrity": "sha512-9O00Vh89/Ld2EcVCqJ/etd7u20UhME0f/NToPfArwPEe1Don1zy4mAIz6ariRr7mJ2RDxtaDzN0WJVdVXPtZaw==",
      "engines": {
        "node": ">=6.0.0"
      }
    },
    "node_modules/os-tmpdir": {
      "version": "1.0.2",
      "resolved": "https://registry.npmmirror.com/os-tmpdir/-/os-tmpdir-1.0.2.tgz",
      "integrity": "sha512-D2FR03Vir7FIu45XBY20mTb+/ZSWB00sjU9jdQXt83gDrI4Ztz5Fs7/yy74g2N5SVQY4xY1qDr4rNddwYRVX0g==",
      "engines": {
        "node": ">=0.10.0"
      }
    },
    "node_modules/postject": {
      "version": "1.0.0-alpha.6",
      "resolved": "https://registry.npmmirror.com/postject/-/postject-1.0.0-alpha.6.tgz",
      "integrity": "sha512-b9Eb8h2eVqNE8edvKdwqkrY6O7kAwmI8kcnBv1NScolYJbo59XUF0noFq+lxbC1yN20bmC0WBEbDC5H/7ASb0A==",
      "dev": true,
      "license": "MIT",
      "dependencies": {
        "commander": "^9.4.0"
      },
      "bin": {
        "postject": "dist/cli.js"
      },
      "engines": {
        "node": ">=14.0.0"
      }
    },
    "node_modules/run-async": {
      "version": "3.0.0",
      "resolved": "https://registry.npmmirror.com/run-async/-/run-async-3.0.0.tgz",
      "integrity": "sha512-540WwVDOMxA6dN6We19EcT9sc3hkXPw5mzRNGM3FkdN/vtE9NFvj5lFAPNwUDmJjXidm3v7TC1cTE7t17Ulm1Q==",
      "engines": {
        "node": ">=0.12.0"
      }
    },
    "node_modules/rxjs": {
      "version": "7.8.2",
      "resolved": "https://registry.npmmirror.com/rxjs/-/rxjs-7.8.2.tgz",
      "integrity": "sha512-dhKf903U/PQZY6boNNtAGdWbG85WAbjT/1xYoZIC7FAY0yWapOBQVsVrDl58W86//e1VpMNBtRV4MaXfdMySFA==",
      "dependencies": {
        "tslib": "^2.1.0"
      }
    },
    "node_modules/safer-buffer": {
      "version": "2.1.2",
      "resolved": "https://registry.npmmirror.com/safer-buffer/-/safer-buffer-2.1.2.tgz",
      "integrity": "sha512-YZo3K82SD7Riyi0E1EQPojLz7kpepnSQI9IyPbHHg1XXXevb5dJI7tpyN2ADxGcQbHG7vcyRHk0cbwqcQriUtg=="
    },
    "node_modules/signal-exit": {
      "version": "4.1.0",
      "resolved": "https://registry.npmmirror.com/signal-exit/-/signal-exit-4.1.0.tgz",
      "integrity": "sha512-bzyZ1e88w9O1iNJbKnOlvYTrWPDl46O1bG0D3XInv+9tkPrxrN8jUUTiFlDkkmKWgn1M6CfIA13SuGqOa9Korw==",
      "engines": {
        "node": ">=14"
      },
      "funding": {
        "url": "https://github.com/sponsors/isaacs"
      }
    },
    "node_modules/string-width": {
      "version": "4.2.3",
      "resolved": "https://registry.npmmirror.com/string-width/-/string-width-4.2.3.tgz",
      "integrity": "sha512-wKyQRQpjJ0sIp62ErSZdGsjMJWsap5oRNihHhu6G7JVO/9jIB6UyevL+tXuOqrng8j/cxKTWyWUwvSTriiZz/g==",
      "dependencies": {
        "emoji-regex": "^8.0.0",
        "is-fullwidth-code-point": "^3.0.0",
        "strip-ansi": "^6.0.1"
      },
      "engines": {
        "node": ">=8"
      }
    },
    "node_modules/string-width/node_modules/ansi-regex": {
      "version": "5.0.1",
      "resolved": "https://registry.npmmirror.com/ansi-regex/-/ansi-regex-5.0.1.tgz",
      "integrity": "sha512-quJQXlTSUGL2LH9SUXo8VwsY4soanhgo6LNSm84E1LBcE8s3O0wpdiRzyR9z/ZZJMlMWv37qOOb9pdJlMUEKFQ==",
      "engines": {
        "node": ">=8"
      }
    },
    "node_modules/string-width/node_modules/strip-ansi": {
      "version": "6.0.1",
      "resolved": "https://registry.npmmirror.com/strip-ansi/-/strip-ansi-6.0.1.tgz",
      "integrity": "sha512-Y38VPSHcqkFrCpFnQ9vuSXmquuv5oXOKpGeT6aGrr3o3Gc9AlVa6JBfUSOCnbxGGZF+/0ooI7KrPuUSztUdU5A==",
      "dependencies": {
        "ansi-regex": "^5.0.1"
      },
      "engines": {
        "node": ">=8"
      }
    },
    "node_modules/strip-ansi": {
      "version": "5.2.0",
      "resolved": "https://registry.npmmirror.com/strip-ansi/-/strip-ansi-5.2.0.tgz",
      "integrity": "sha512-DuRs1gKbBqsMKIZlrffwlug8MHkcnpjs5VPmL1PAh+mA30U0DTotfDZ0d2UUsXpPmPmMMJ6W773MaA3J+lbiWA==",
      "dependencies": {
        "ansi-regex": "^4.1.0"
      },
      "engines": {
        "node": ">=6"
      }
    },
    "node_modules/supports-color": {
      "version": "5.5.0",
      "resolved": "https://registry.npmmirror.com/supports-color/-/supports-color-5.5.0.tgz",
      "integrity": "sha512-QjVjwdXIt408MIiAqCX4oUKsgU2EqAGzs2Ppkm4aQYbjm+ZEWEcW4SfFNTr4uMNZma0ey4f5lgLrkB0aX0QMow==",
      "dependencies": {
        "has-flag": "^3.0.0"
      },
      "engines": {
        "node": ">=4"
      }
    },
    "node_modules/tmp": {
      "version": "0.0.33",
      "resolved": "https://registry.npmmirror.com/tmp/-/tmp-0.0.33.tgz",
      "integrity": "sha512-jRCJlojKnZ3addtTOjdIqoRuPEKBvNXcGYqzO6zWZX8KfKEpnGY5jfggJQ3EjKuu8D4bJRr0y+cYJFmYbImXGw==",
      "dependencies": {
        "os-tmpdir": "~1.0.2"
      },
      "engines": {
        "node": ">=0.6.0"
      }
    },
    "node_modules/tslib": {
      "version": "2.8.1",
      "resolved": "https://registry.npmmirror.com/tslib/-/tslib-2.8.1.tgz",
      "integrity": "sha512-oJFu94HQb+KVduSUQL7wnpmqnfmLsOA/nAh6b6EH0wCEoK0/mPeXU6c3wKDV83MkOuHPRHtSXKKU99IBazS/2w=="
    },
    "node_modules/type-fest": {
      "version": "0.21.3",
      "resolved": "https://registry.npmmirror.com/type-fest/-/type-fest-0.21.3.tgz",
      "integrity": "sha512-t0rzBq87m3fVcduHDUFhKmyyX+9eo6WQjZvf51Ea/M0Q7+T374Jp1aUiyUl0GKxp8M/OETVHSDvmkyPgvX+X2w==",
      "engines": {
        "node": ">=10"
      },
      "funding": {
        "url": "https://github.com/sponsors/sindresorhus"
      }
    },
    "node_modules/wrap-ansi": {
      "version": "6.2.0",
      "resolved": "https://registry.npmmirror.com/wrap-ansi/-/wrap-ansi-6.2.0.tgz",
      "integrity": "sha512-r6lPcBGxZXlIcymEu7InxDMhdW0KDxpLgoFLcguasxCaJ/SOIZwINatK9KY/tf+ZrlywOKU0UDj3ATXUBfxJXA==",
      "dependencies": {
        "ansi-styles": "^4.0.0",
        "string-width": "^4.1.0",
        "strip-ansi": "^6.0.0"
      },
      "engines": {
        "node": ">=8"
      }
    },
    "node_modules/wrap-ansi/node_modules/ansi-regex": {
      "version": "5.0.1",
      "resolved": "https://registry.npmmirror.com/ansi-regex/-/ansi-regex-5.0.1.tgz",
      "integrity": "sha512-quJQXlTSUGL2LH9SUXo8VwsY4soanhgo6LNSm84E1LBcE8s3O0wpdiRzyR9z/ZZJMlMWv37qOOb9pdJlMUEKFQ==",
      "engines": {
        "node": ">=8"
      }
    },
    "node_modules/wrap-ansi/node_modules/strip-ansi": {
      "version": "6.0.1",
      "resolved": "https://registry.npmmirror.com/strip-ansi/-/strip-ansi-6.0.1.tgz",
      "integrity": "sha512-Y38VPSHcqkFrCpFnQ9vuSXmquuv5oXOKpGeT6aGrr3o3Gc9AlVa6JBfUSOCnbxGGZF+/0ooI7KrPuUSztUdU5A==",
      "dependencies": {
        "ansi-regex": "^5.0.1"
      },
      "engines": {
        "node": ">=8"
      }
    },
    "node_modules/yoctocolors-cjs": {
      "version": "2.1.2",
      "resolved": "https://registry.npmmirror.com/yoctocolors-cjs/-/yoctocolors-cjs-2.1.2.tgz",
      "integrity": "sha512-cYVsTjKl8b+FrnidjibDWskAv7UKOfcwaVZdp/it9n1s9fU3IkgDbhdIRKCW4JDsAlECJY0ytoVPT3sK6kideA==",
      "engines": {
        "node": ">=18"
      },
      "funding": {
        "url": "https://github.com/sponsors/sindresorhus"
      }
    }
  }
}
